
Microsoft Visual Studio Solution File, Format Version 12.00
# Visual Studio Version 17
VisualStudioVersion = 17.5.33530.505
MinimumVisualStudioVersion = 10.0.40219.1
Project("{FAE04EC0-301F-11D3-BF4B-00C04F79EFBC}") = "Snake", "Snake\Snake.csproj", "{246850F6-2D69-4D09-B21B-9ADC0705FCBC}"
EndProject
Global
	GlobalSection(SolutionConfigurationPlatforms) = preSolution
		Debug|Any CPU = Debug|Any CPU
		Release|Any CPU = Release|Any CPU
	EndGlobalSection
	GlobalSection(ProjectConfigurationPlatforms) = postSolution
		{246850F6-2D69-4D09-B21B-9ADC0705FCBC}.Debug|Any CPU.ActiveCfg = Debug|Any CPU
		{246850F6-2D69-4D09-B21B-9ADC0705FCBC}.Debug|Any CPU.Build.0 = Debug|Any CPU
		{246850F6-2D69-4D09-B21B-9ADC0705FCBC}.Release|Any CPU.ActiveCfg = Release|Any CPU
		{246850F6-2D69-4D09-B21B-9ADC0705FCBC}.Release|Any CPU.Build.0 = Release|Any CPU
	EndGlobalSection
	GlobalSection(SolutionProperties) = preSolution
		HideSolutionNode = FALSE
	EndGlobalSection
	GlobalSection(ExtensibilityGlobals) = postSolution
		SolutionGuid = {7C350B49-221B-4DEC-9C5A-022D46EAF3B0}
	EndGlobalSection
EndGlobal
